
Microsoft Visual Studio Solution File, Format Version 12.00
# Visual Studio 14
VisualStudioVersion = 14.0.24720.0
MinimumVisualStudioVersion = 10.0.40219.1
Project("{FAE04EC0-301F-11D3-BF4B-00C04F79EFBC}") = "AppStorageService.Desktop", "AppStorageService.Desktop\AppStorageService.Desktop.csproj", "{A1986CF2-5389-4DA8-BAF0-5049170C6CC0}"
EndProject
Project("{FAE04EC0-301F-11D3-BF4B-00C04F79EFBC}") = "AppStorageService.Core", "AppStorageService.Core\AppStorageService.Core.csproj", "{B8391564-60B0-47E6-A1DC-DF7759CA1CD7}"
EndProject
Global
	GlobalSection(SolutionConfigurationPlatforms) = preSolution
		Debug|Any CPU = Debug|Any CPU
		Release|Any CPU = Release|Any CPU
	EndGlobalSection
	GlobalSection(ProjectConfigurationPlatforms) = postSolution
		{A1986CF2-5389-4DA8-BAF0-5049170C6CC0}.Debug|Any CPU.ActiveCfg = Debug|Any CPU
		{A1986CF2-5389-4DA8-BAF0-5049170C6CC0}.Debug|Any CPU.Build.0 = Debug|Any CPU
		{A1986CF2-5389-4DA8-BAF0-5049170C6CC0}.Release|Any CPU.ActiveCfg = Release|Any CPU
		{A1986CF2-5389-4DA8-BAF0-5049170C6CC0}.Release|Any CPU.Build.0 = Release|Any CPU
		{B8391564-60B0-47E6-A1DC-DF7759CA1CD7}.Debug|Any CPU.ActiveCfg = Debug|Any CPU
		{B8391564-60B0-47E6-A1DC-DF7759CA1CD7}.Debug|Any CPU.Build.0 = Debug|Any CPU
		{B8391564-60B0-47E6-A1DC-DF7759CA1CD7}.Release|Any CPU.ActiveCfg = Release|Any CPU
		{B8391564-60B0-47E6-A1DC-DF7759CA1CD7}.Release|Any CPU.Build.0 = Release|Any CPU
	EndGlobalSection
	GlobalSection(SolutionProperties) = preSolution
		HideSolutionNode = FALSE
	EndGlobalSection
EndGlobal
