
Microsoft Visual Studio Solution File, Format Version 12.00
# Visual Studio 14
VisualStudioVersion = 14.0.24720.0
MinimumVisualStudioVersion = 10.0.40219.1
Project("{FAE04EC0-301F-11D3-BF4B-00C04F79EFBC}") = "AppStorageService.Desktop", "AppStorageService.Desktop\AppStorageService.Desktop.csproj", "{A1986CF2-5389-4DA8-BAF0-5049170C6CC0}"
EndProject
Project("{FAE04EC0-301F-11D3-BF4B-00C04F79EFBC}") = "AppStorageService.Core", "AppStorageService.Core\AppStorageService.Core.csproj", "{B8391564-60B0-47E6-A1DC-DF7759CA1CD7}"
EndProject
Project("{FAE04EC0-301F-11D3-BF4B-00C04F79EFBC}") = "AppStorageService.Universal", "AppStorageService.Universal\AppStorageService.Universal.csproj", "{BDAECB25-EEDF-4E5D-86B5-62A6A342AFAF}"
EndProject
Project("{FAE04EC0-301F-11D3-BF4B-00C04F79EFBC}") = "AppStorageService.Universal.Test", "AppStorageService.Universal.Test\AppStorageService.Universal.Test.csproj", "{AB553AA7-CA67-4C51-9F24-CFA84782ADD5}"
EndProject
Project("{FAE04EC0-301F-11D3-BF4B-00C04F79EFBC}") = "AppStorageService.Core.Test", "AppStorageService.Core.Test\AppStorageService.Core.Test.csproj", "{6E18A30F-3707-4204-8F45-8633737DF0C1}"
EndProject
Project("{FAE04EC0-301F-11D3-BF4B-00C04F79EFBC}") = "AppStorageService.Desktop.Test", "AppStorageService.Desktop.Test\AppStorageService.Desktop.Test.csproj", "{F671D5A2-AB18-4E1E-97E7-C0A12FCD6960}"
EndProject
Project("{2150E333-8FDC-42A3-9474-1A3956D46DE8}") = "Solution Items", "Solution Items", "{F96A5C4D-C3B1-4F94-B748-7E26743C91ED}"
	ProjectSection(SolutionItems) = preProject
		Readme.md = Readme.md
	EndProjectSection
EndProject
Global
	GlobalSection(SolutionConfigurationPlatforms) = preSolution
		Debug|Any CPU = Debug|Any CPU
		Debug|ARM = Debug|ARM
		Debug|x64 = Debug|x64
		Debug|x86 = Debug|x86
		Release|Any CPU = Release|Any CPU
		Release|ARM = Release|ARM
		Release|x64 = Release|x64
		Release|x86 = Release|x86
	EndGlobalSection
	GlobalSection(ProjectConfigurationPlatforms) = postSolution
		{A1986CF2-5389-4DA8-BAF0-5049170C6CC0}.Debug|Any CPU.ActiveCfg = Debug|Any CPU
		{A1986CF2-5389-4DA8-BAF0-5049170C6CC0}.Debug|Any CPU.Build.0 = Debug|Any CPU
		{A1986CF2-5389-4DA8-BAF0-5049170C6CC0}.Debug|ARM.ActiveCfg = Debug|Any CPU
		{A1986CF2-5389-4DA8-BAF0-5049170C6CC0}.Debug|ARM.Build.0 = Debug|Any CPU
		{A1986CF2-5389-4DA8-BAF0-5049170C6CC0}.Debug|x64.ActiveCfg = Debug|Any CPU
		{A1986CF2-5389-4DA8-BAF0-5049170C6CC0}.Debug|x64.Build.0 = Debug|Any CPU
		{A1986CF2-5389-4DA8-BAF0-5049170C6CC0}.Debug|x86.ActiveCfg = Debug|Any CPU
		{A1986CF2-5389-4DA8-BAF0-5049170C6CC0}.Debug|x86.Build.0 = Debug|Any CPU
		{A1986CF2-5389-4DA8-BAF0-5049170C6CC0}.Release|Any CPU.ActiveCfg = Release|Any CPU
		{A1986CF2-5389-4DA8-BAF0-5049170C6CC0}.Release|Any CPU.Build.0 = Release|Any CPU
		{A1986CF2-5389-4DA8-BAF0-5049170C6CC0}.Release|ARM.ActiveCfg = Release|Any CPU
		{A1986CF2-5389-4DA8-BAF0-5049170C6CC0}.Release|ARM.Build.0 = Release|Any CPU
		{A1986CF2-5389-4DA8-BAF0-5049170C6CC0}.Release|x64.ActiveCfg = Release|Any CPU
		{A1986CF2-5389-4DA8-BAF0-5049170C6CC0}.Release|x64.Build.0 = Release|Any CPU
		{A1986CF2-5389-4DA8-BAF0-5049170C6CC0}.Release|x86.ActiveCfg = Release|Any CPU
		{A1986CF2-5389-4DA8-BAF0-5049170C6CC0}.Release|x86.Build.0 = Release|Any CPU
		{B8391564-60B0-47E6-A1DC-DF7759CA1CD7}.Debug|Any CPU.ActiveCfg = Debug|Any CPU
		{B8391564-60B0-47E6-A1DC-DF7759CA1CD7}.Debug|Any CPU.Build.0 = Debug|Any CPU
		{B8391564-60B0-47E6-A1DC-DF7759CA1CD7}.Debug|ARM.ActiveCfg = Debug|Any CPU
		{B8391564-60B0-47E6-A1DC-DF7759CA1CD7}.Debug|ARM.Build.0 = Debug|Any CPU
		{B8391564-60B0-47E6-A1DC-DF7759CA1CD7}.Debug|x64.ActiveCfg = Debug|Any CPU
		{B8391564-60B0-47E6-A1DC-DF7759CA1CD7}.Debug|x64.Build.0 = Debug|Any CPU
		{B8391564-60B0-47E6-A1DC-DF7759CA1CD7}.Debug|x86.ActiveCfg = Debug|Any CPU
		{B8391564-60B0-47E6-A1DC-DF7759CA1CD7}.Debug|x86.Build.0 = Debug|Any CPU
		{B8391564-60B0-47E6-A1DC-DF7759CA1CD7}.Release|Any CPU.ActiveCfg = Release|Any CPU
		{B8391564-60B0-47E6-A1DC-DF7759CA1CD7}.Release|Any CPU.Build.0 = Release|Any CPU
		{B8391564-60B0-47E6-A1DC-DF7759CA1CD7}.Release|ARM.ActiveCfg = Release|Any CPU
		{B8391564-60B0-47E6-A1DC-DF7759CA1CD7}.Release|ARM.Build.0 = Release|Any CPU
		{B8391564-60B0-47E6-A1DC-DF7759CA1CD7}.Release|x64.ActiveCfg = Release|Any CPU
		{B8391564-60B0-47E6-A1DC-DF7759CA1CD7}.Release|x64.Build.0 = Release|Any CPU
		{B8391564-60B0-47E6-A1DC-DF7759CA1CD7}.Release|x86.ActiveCfg = Release|Any CPU
		{B8391564-60B0-47E6-A1DC-DF7759CA1CD7}.Release|x86.Build.0 = Release|Any CPU
		{BDAECB25-EEDF-4E5D-86B5-62A6A342AFAF}.Debug|Any CPU.ActiveCfg = Debug|Any CPU
		{BDAECB25-EEDF-4E5D-86B5-62A6A342AFAF}.Debug|Any CPU.Build.0 = Debug|Any CPU
		{BDAECB25-EEDF-4E5D-86B5-62A6A342AFAF}.Debug|ARM.ActiveCfg = Debug|ARM
		{BDAECB25-EEDF-4E5D-86B5-62A6A342AFAF}.Debug|ARM.Build.0 = Debug|ARM
		{BDAECB25-EEDF-4E5D-86B5-62A6A342AFAF}.Debug|x64.ActiveCfg = Debug|x64
		{BDAECB25-EEDF-4E5D-86B5-62A6A342AFAF}.Debug|x64.Build.0 = Debug|x64
		{BDAECB25-EEDF-4E5D-86B5-62A6A342AFAF}.Debug|x86.ActiveCfg = Debug|x86
		{BDAECB25-EEDF-4E5D-86B5-62A6A342AFAF}.Debug|x86.Build.0 = Debug|x86
		{BDAECB25-EEDF-4E5D-86B5-62A6A342AFAF}.Release|Any CPU.ActiveCfg = Release|Any CPU
		{BDAECB25-EEDF-4E5D-86B5-62A6A342AFAF}.Release|Any CPU.Build.0 = Release|Any CPU
		{BDAECB25-EEDF-4E5D-86B5-62A6A342AFAF}.Release|ARM.ActiveCfg = Release|ARM
		{BDAECB25-EEDF-4E5D-86B5-62A6A342AFAF}.Release|ARM.Build.0 = Release|ARM
		{BDAECB25-EEDF-4E5D-86B5-62A6A342AFAF}.Release|x64.ActiveCfg = Release|x64
		{BDAECB25-EEDF-4E5D-86B5-62A6A342AFAF}.Release|x64.Build.0 = Release|x64
		{BDAECB25-EEDF-4E5D-86B5-62A6A342AFAF}.Release|x86.ActiveCfg = Release|x86
		{BDAECB25-EEDF-4E5D-86B5-62A6A342AFAF}.Release|x86.Build.0 = Release|x86
		{AB553AA7-CA67-4C51-9F24-CFA84782ADD5}.Debug|Any CPU.ActiveCfg = Debug|x86
		{AB553AA7-CA67-4C51-9F24-CFA84782ADD5}.Debug|ARM.ActiveCfg = Debug|ARM
		{AB553AA7-CA67-4C51-9F24-CFA84782ADD5}.Debug|ARM.Build.0 = Debug|ARM
		{AB553AA7-CA67-4C51-9F24-CFA84782ADD5}.Debug|ARM.Deploy.0 = Debug|ARM
		{AB553AA7-CA67-4C51-9F24-CFA84782ADD5}.Debug|x64.ActiveCfg = Debug|x64
		{AB553AA7-CA67-4C51-9F24-CFA84782ADD5}.Debug|x64.Build.0 = Debug|x64
		{AB553AA7-CA67-4C51-9F24-CFA84782ADD5}.Debug|x64.Deploy.0 = Debug|x64
		{AB553AA7-CA67-4C51-9F24-CFA84782ADD5}.Debug|x86.ActiveCfg = Debug|x86
		{AB553AA7-CA67-4C51-9F24-CFA84782ADD5}.Debug|x86.Build.0 = Debug|x86
		{AB553AA7-CA67-4C51-9F24-CFA84782ADD5}.Debug|x86.Deploy.0 = Debug|x86
		{AB553AA7-CA67-4C51-9F24-CFA84782ADD5}.Release|Any CPU.ActiveCfg = Release|x86
		{AB553AA7-CA67-4C51-9F24-CFA84782ADD5}.Release|ARM.ActiveCfg = Release|ARM
		{AB553AA7-CA67-4C51-9F24-CFA84782ADD5}.Release|ARM.Build.0 = Release|ARM
		{AB553AA7-CA67-4C51-9F24-CFA84782ADD5}.Release|ARM.Deploy.0 = Release|ARM
		{AB553AA7-CA67-4C51-9F24-CFA84782ADD5}.Release|x64.ActiveCfg = Release|x64
		{AB553AA7-CA67-4C51-9F24-CFA84782ADD5}.Release|x64.Build.0 = Release|x64
		{AB553AA7-CA67-4C51-9F24-CFA84782ADD5}.Release|x64.Deploy.0 = Release|x64
		{AB553AA7-CA67-4C51-9F24-CFA84782ADD5}.Release|x86.ActiveCfg = Release|x86
		{AB553AA7-CA67-4C51-9F24-CFA84782ADD5}.Release|x86.Build.0 = Release|x86
		{AB553AA7-CA67-4C51-9F24-CFA84782ADD5}.Release|x86.Deploy.0 = Release|x86
		{6E18A30F-3707-4204-8F45-8633737DF0C1}.Debug|Any CPU.ActiveCfg = Debug|Any CPU
		{6E18A30F-3707-4204-8F45-8633737DF0C1}.Debug|Any CPU.Build.0 = Debug|Any CPU
		{6E18A30F-3707-4204-8F45-8633737DF0C1}.Debug|ARM.ActiveCfg = Debug|Any CPU
		{6E18A30F-3707-4204-8F45-8633737DF0C1}.Debug|ARM.Build.0 = Debug|Any CPU
		{6E18A30F-3707-4204-8F45-8633737DF0C1}.Debug|x64.ActiveCfg = Debug|Any CPU
		{6E18A30F-3707-4204-8F45-8633737DF0C1}.Debug|x64.Build.0 = Debug|Any CPU
		{6E18A30F-3707-4204-8F45-8633737DF0C1}.Debug|x86.ActiveCfg = Debug|Any CPU
		{6E18A30F-3707-4204-8F45-8633737DF0C1}.Debug|x86.Build.0 = Debug|Any CPU
		{6E18A30F-3707-4204-8F45-8633737DF0C1}.Release|Any CPU.ActiveCfg = Release|Any CPU
		{6E18A30F-3707-4204-8F45-8633737DF0C1}.Release|Any CPU.Build.0 = Release|Any CPU
		{6E18A30F-3707-4204-8F45-8633737DF0C1}.Release|ARM.ActiveCfg = Release|Any CPU
		{6E18A30F-3707-4204-8F45-8633737DF0C1}.Release|ARM.Build.0 = Release|Any CPU
		{6E18A30F-3707-4204-8F45-8633737DF0C1}.Release|x64.ActiveCfg = Release|Any CPU
		{6E18A30F-3707-4204-8F45-8633737DF0C1}.Release|x64.Build.0 = Release|Any CPU
		{6E18A30F-3707-4204-8F45-8633737DF0C1}.Release|x86.ActiveCfg = Release|Any CPU
		{6E18A30F-3707-4204-8F45-8633737DF0C1}.Release|x86.Build.0 = Release|Any CPU
		{F671D5A2-AB18-4E1E-97E7-C0A12FCD6960}.Debug|Any CPU.ActiveCfg = Debug|Any CPU
		{F671D5A2-AB18-4E1E-97E7-C0A12FCD6960}.Debug|Any CPU.Build.0 = Debug|Any CPU
		{F671D5A2-AB18-4E1E-97E7-C0A12FCD6960}.Debug|ARM.ActiveCfg = Debug|Any CPU
		{F671D5A2-AB18-4E1E-97E7-C0A12FCD6960}.Debug|ARM.Build.0 = Debug|Any CPU
		{F671D5A2-AB18-4E1E-97E7-C0A12FCD6960}.Debug|x64.ActiveCfg = Debug|Any CPU
		{F671D5A2-AB18-4E1E-97E7-C0A12FCD6960}.Debug|x64.Build.0 = Debug|Any CPU
		{F671D5A2-AB18-4E1E-97E7-C0A12FCD6960}.Debug|x86.ActiveCfg = Debug|Any CPU
		{F671D5A2-AB18-4E1E-97E7-C0A12FCD6960}.Debug|x86.Build.0 = Debug|Any CPU
		{F671D5A2-AB18-4E1E-97E7-C0A12FCD6960}.Release|Any CPU.ActiveCfg = Release|Any CPU
		{F671D5A2-AB18-4E1E-97E7-C0A12FCD6960}.Release|Any CPU.Build.0 = Release|Any CPU
		{F671D5A2-AB18-4E1E-97E7-C0A12FCD6960}.Release|ARM.ActiveCfg = Release|Any CPU
		{F671D5A2-AB18-4E1E-97E7-C0A12FCD6960}.Release|ARM.Build.0 = Release|Any CPU
		{F671D5A2-AB18-4E1E-97E7-C0A12FCD6960}.Release|x64.ActiveCfg = Release|Any CPU
		{F671D5A2-AB18-4E1E-97E7-C0A12FCD6960}.Release|x64.Build.0 = Release|Any CPU
		{F671D5A2-AB18-4E1E-97E7-C0A12FCD6960}.Release|x86.ActiveCfg = Release|Any CPU
		{F671D5A2-AB18-4E1E-97E7-C0A12FCD6960}.Release|x86.Build.0 = Release|Any CPU
	EndGlobalSection
	GlobalSection(SolutionProperties) = preSolution
		HideSolutionNode = FALSE
	EndGlobalSection
EndGlobal
